
Microsoft Visual Studio Solution File, Format Version 12.00
# Visual Studio Version 17
VisualStudioVersion = 17.0.32126.317
MinimumVisualStudioVersion = 10.0.40219.1
Project("{9A19103F-16F7-4668-BE54-9A1E7A4F7556}") = "ReSharper.Structured.Logging", "ReSharper.Structured.Logging\ReSharper.Structured.Logging.csproj", "{0B29307F-4E38-4611-BA0D-408A4B4F4E15}"
EndProject
Project("{9A19103F-16F7-4668-BE54-9A1E7A4F7556}") = "ReSharper.Structured.Logging.Tests", "..\test\src\ReSharper.Structured.Logging.Tests.csproj", "{D07C40A7-39BE-4725-889F-FF2F2B781442}"
EndProject
Project("{2150E333-8FDC-42A3-9474-1A3956D46DE8}") = "Solution Items", "Solution Items", "{8F7509A6-86AF-48A9-BD71-464ED879D8FA}"
	ProjectSection(SolutionItems) = preProject
		..\.editorconfig = ..\.editorconfig
		..\appveyor.yml = ..\appveyor.yml
		..\build.gradle = ..\build.gradle
		..\Directory.Build.props = ..\Directory.Build.props
		rider\main\resources\META-INF\plugin.xml = rider\main\resources\META-INF\plugin.xml
		..\README.md = ..\README.md
		..\.gitignore = ..\.gitignore
	EndProjectSection
EndProject
Project("{9A19103F-16F7-4668-BE54-9A1E7A4F7556}") = "ReSharper.Structured.Logging.Rider", "ReSharper.Structured.Logging\ReSharper.Structured.Logging.Rider.csproj", "{81C42342-6FD5-48D0-B45F-FD364B170FC1}"
EndProject
Project("{9A19103F-16F7-4668-BE54-9A1E7A4F7556}") = "ReSharper.Structured.Logging.Rider.Tests", "..\test\src\ReSharper.Structured.Logging.Rider.Tests.csproj", "{6BC99E0B-6362-4A62-84F1-103B93896294}"
EndProject
Project("{2150E333-8FDC-42A3-9474-1A3956D46DE8}") = "Rules", "Rules", "{D93C6901-5685-495B-A790-6C1467978205}"
	ProjectSection(SolutionItems) = preProject
		..\rules\AnonymousObjectDestructuringProblem.md = ..\rules\AnonymousObjectDestructuringProblem.md
		..\rules\ComplexObjectDestructuringProblem.md = ..\rules\ComplexObjectDestructuringProblem.md
		..\rules\ComplexObjectInContextDestructuringProblem.md = ..\rules\ComplexObjectInContextDestructuringProblem.md
		..\rules\ContextualLoggerProblem.md = ..\rules\ContextualLoggerProblem.md
		..\rules\ExceptionPassedAsTemplateArgumentProblem.md = ..\rules\ExceptionPassedAsTemplateArgumentProblem.md
		..\rules\InconsistentContextLogPropertyNaming.md = ..\rules\InconsistentContextLogPropertyNaming.md
		..\rules\InconsistentLogPropertyNaming.md = ..\rules\InconsistentLogPropertyNaming.md
		..\rules\LogMessageIsSentenceProblem.md = ..\rules\LogMessageIsSentenceProblem.md
		..\rules\PositionalPropertyUsedProblem.md = ..\rules\PositionalPropertyUsedProblem.md
		..\rules\TemplateDuplicatePropertyProblem.md = ..\rules\TemplateDuplicatePropertyProblem.md
		..\rules\TemplateIsNotCompileTimeConstantProblem.md = ..\rules\TemplateIsNotCompileTimeConstantProblem.md
	EndProjectSection
EndProject
Project("{9A19103F-16F7-4668-BE54-9A1E7A4F7556}") = "_build", "..\build\_build.csproj", "{A7717BDB-133B-433E-97CF-624B746FDDC8}"
EndProject
Global
	GlobalSection(SolutionConfigurationPlatforms) = preSolution
		Debug|Any CPU = Debug|Any CPU
		Release|Any CPU = Release|Any CPU
	EndGlobalSection
	GlobalSection(ProjectConfigurationPlatforms) = postSolution
		{0B29307F-4E38-4611-BA0D-408A4B4F4E15}.Debug|Any CPU.ActiveCfg = Debug|Any CPU
		{0B29307F-4E38-4611-BA0D-408A4B4F4E15}.Debug|Any CPU.Build.0 = Debug|Any CPU
		{0B29307F-4E38-4611-BA0D-408A4B4F4E15}.Release|Any CPU.ActiveCfg = Release|Any CPU
		{0B29307F-4E38-4611-BA0D-408A4B4F4E15}.Release|Any CPU.Build.0 = Release|Any CPU
		{D07C40A7-39BE-4725-889F-FF2F2B781442}.Debug|Any CPU.ActiveCfg = Debug|Any CPU
		{D07C40A7-39BE-4725-889F-FF2F2B781442}.Debug|Any CPU.Build.0 = Debug|Any CPU
		{D07C40A7-39BE-4725-889F-FF2F2B781442}.Release|Any CPU.ActiveCfg = Release|Any CPU
		{D07C40A7-39BE-4725-889F-FF2F2B781442}.Release|Any CPU.Build.0 = Release|Any CPU
		{81C42342-6FD5-48D0-B45F-FD364B170FC1}.Debug|Any CPU.ActiveCfg = Debug|Any CPU
		{81C42342-6FD5-48D0-B45F-FD364B170FC1}.Debug|Any CPU.Build.0 = Debug|Any CPU
		{81C42342-6FD5-48D0-B45F-FD364B170FC1}.Release|Any CPU.ActiveCfg = Release|Any CPU
		{81C42342-6FD5-48D0-B45F-FD364B170FC1}.Release|Any CPU.Build.0 = Release|Any CPU
		{6BC99E0B-6362-4A62-84F1-103B93896294}.Debug|Any CPU.ActiveCfg = Debug|Any CPU
		{6BC99E0B-6362-4A62-84F1-103B93896294}.Debug|Any CPU.Build.0 = Debug|Any CPU
		{6BC99E0B-6362-4A62-84F1-103B93896294}.Release|Any CPU.ActiveCfg = Release|Any CPU
		{6BC99E0B-6362-4A62-84F1-103B93896294}.Release|Any CPU.Build.0 = Release|Any CPU
		{A7717BDB-133B-433E-97CF-624B746FDDC8}.Debug|Any CPU.ActiveCfg = Debug|Any CPU
		{A7717BDB-133B-433E-97CF-624B746FDDC8}.Release|Any CPU.ActiveCfg = Release|Any CPU
	EndGlobalSection
	GlobalSection(SolutionProperties) = preSolution
		HideSolutionNode = FALSE
	EndGlobalSection
	GlobalSection(ExtensibilityGlobals) = postSolution
		SolutionGuid = {2861CBD1-55F1-4AF9-8F6D-F2C345E8BB03}
	EndGlobalSection
EndGlobal
